{
    "_meta": {
        "hash": {
            "sha256": "80d95eb95eeafe11ae9bb8764e905e323e1036af8396b2da57af3da2764d4ec2"
        },
        "pipfile-spec": 6,
        "requires": {
            "python_version": "3"
        },
        "sources": [
            {
                "name": "pypi",
                "url": "https://pypi.python.org/simple",
                "verify_ssl": true
            }
        ]
    },
    "default": {
        "aiohttp": {
            "hashes": [
                "sha256:09754a0d5eaab66c37591f2f8fac8f9781a5f61d51aa852a3261c4805ca6b984",
                "sha256:097ecf52f6b9859b025c1e36401f8aa4573552e887d1b91b4b999d68d0b5a3b3",
                "sha256:0a96473a1f61d7920a9099bc8e729dc8282539d25f79c12573ee0fdb9c8b66a8",
                "sha256:0af379221975054162959e00daf21159ff69a712fc42ed0052caddbd70d52ff4",
                "sha256:0d7b056fd3972d353cb4bc305c03f9381583766b7f8c7f1c44478dba69099e33",
                "sha256:14a6f026eca80dfa3d52e86be89feb5cd878f6f4a6adb34457e2c689fd85229b",
                "sha256:15a660d06092b7c92ed17c1dbe6c1eab0a02963992d60e3e8b9d5fa7fa81f01e",
                "sha256:1fa9f50aa1f114249b7963c98e20dc35c51be64096a85bc92433185f331de9cc",
                "sha256:257f4fad1714d26d562572095c8c5cd271d5a333252795cb7a002dca41fdbad7",
                "sha256:28369fe331a59d80393ec82df3d43307c7461bfaf9217999e33e2acc7984ff7c",
                "sha256:2bdd655732e38b40f8a8344d330cfae3c727fb257585df923316aabbd489ccb8",
                "sha256:2f44d1b1c740a9e2275160d77c73a11f61e8a916191c572876baa7b282bcc934",
                "sha256:3ba08a71caa42eef64357257878fb17f3fba3fba6e81a51d170e32321569e079",
                "sha256:3c5e9981e449d54308c6824f172ec8ab63eb9c5f922920970249efee83f7e919",
                "sha256:3f58aa995b905ab82fe228acd38538e7dc1509e01508dcf307dad5046399130f",
                "sha256:48c996eb91bfbdab1e01e2c02e7ff678c51e2b28e3a04e26e41691991cc55795",
                "sha256:48f218a5257b6bc16bcf26a91d97ecea0c7d29c811a90d965f3dd97c20f016d6",
                "sha256:4a6551057a846bf72c7a04f73de3fcaca269c0bd85afe475ceb59d261c6a938c",
                "sha256:51f90dabd9933b1621260b32c2f0d05d36923c7a5a909eb823e429dba0fd2f3e",
                "sha256:577cc2c7b807b174814dac2d02e673728f2e46c7f90ceda3a70ea4bb6d90b769",
                "sha256:5d79174d96446a02664e2bffc95e7b6fa93b9e6d8314536c5840dff130d0878b",
                "sha256:5e3f81fbbc170418e22918a9585fd7281bbc11d027064d62aa4b507552c92671",
                "sha256:5ecffdc748d3b40dd3618ede0170e4f5e1d3c9647cfb410d235d19e62cb54ee0",
                "sha256:63fa57a0708573d3c059f7b5527617bd0c291e4559298473df238d502e4ab98c",
                "sha256:67ca7032dfac8d001023fadafc812d9f48bf8a8c3bb15412d9cdcf92267593f4",
                "sha256:688a1eb8c1a5f7e795c7cb67e0fe600194e6723ba35f138dfae0db20c0cb8f94",
                "sha256:6a038cb1e6e55b26bb5520ccffab7f539b3786f5553af2ee47eb2ec5cbd7084e",
                "sha256:6b79f6c31e68b6dafc0317ec453c83c86dd8db1f8f0c6f28e97186563fca87a0",
                "sha256:6d3e027fe291b77f6be9630114a0200b2c52004ef20b94dc50ca59849cd623b3",
                "sha256:6f1d39a744101bf4043fa0926b3ead616607578192d0a169974fb5265ab1e9d2",
                "sha256:707adc30ea6918fba725c3cb3fe782d271ba352b22d7ae54a7f9f2e8a8488c41",
                "sha256:730b7c2b7382194d9985ffdc32ab317e893bca21e0665cb1186bdfbb4089d990",
                "sha256:764c7c6aa1f78bd77bd9674fc07d1ec44654da1818d0eef9fb48aa8371a3c847",
                "sha256:78d51e35ed163783d721b6f2ce8ce3f82fccfe471e8e50a10fba13a766d31f5a",
                "sha256:7a315ceb813208ef32bdd6ec3a85cbe3cb3be9bbda5fd030c234592fa9116993",
                "sha256:7ba09bb3dcb0b7ec936a485db2b64be44fe14cdce0a5eac56f50e55da3627385",
                "sha256:7d76e8a83396e06abe3df569b25bd3fc88bf78b7baa2c8e4cf4aaf5983af66a3",
                "sha256:84fe1732648c1bc303a70faa67cbc2f7f2e810c8a5bca94f6db7818e722e4c0a",
                "sha256:871d4fdc56288caa58b1094c20f2364215f7400411f76783ea19ad13be7c8e19",
                "sha256:88d4917c30fcd7f6404fb1dc713fa21de59d3063dcc048f4a8a1a90e6bbbd739",
                "sha256:8a50150419b741ee048b53146c39c47053f060cb9d98e78be08fdbe942eaa3c4",
                "sha256:90a97c2ed2830e7974cbe45f0838de0aefc1c123313f7c402e21c29ec063fbb4",
                "sha256:949a605ef3907254b122f845baa0920407080cdb1f73aa64f8d47df4a7f4c4f9",
                "sha256:9689af0f0a89e5032426c143fa3683b0451f06c83bf3b1e27902bd33acfae769",
                "sha256:98b1ea2763b33559dd9ec621d67fc17b583484cb90735bfb0ec3614c17b210e4",
                "sha256:9951c2696c4357703001e1fe6edc6ae8e97553ac630492ea1bf64b429cb712a3",
                "sha256:9a52b141ff3b923a9166595de6e3768a027546e75052ffba267d95b54267f4ab",
                "sha256:9e8723c3256641e141cd18f6ce478d54a004138b9f1a36e41083b36d9ecc5fc5",
                "sha256:a2fee4d656a7cc9ab47771b2a9e8fad8a9a33331c1b59c3057ecf0ac858f5bfe",
                "sha256:a4759e85a191de58e0ea468ab6fd9c03941986eee436e0518d7a9291fab122c8",
                "sha256:a5399a44a529083951b55521cf4ecbf6ad79fd54b9df57dbf01699ffa0549fc9",
                "sha256:a6074a3b2fa2d0c9bf0963f8dfc85e1e54a26114cc8594126bc52d3fa061c40e",
                "sha256:a84c335337b676d832c1e2bc47c3a97531b46b82de9f959dafb315cbcbe0dfcd",
                "sha256:adf0cb251b1b842c9dee5cfcdf880ba0aae32e841b8d0e6b6feeaef002a267c5",
                "sha256:b76669b7c058b8020b11008283c3b8e9c61bfd978807c45862956119b77ece45",
                "sha256:bda75d73e7400e81077b0910c9a60bf9771f715420d7e35fa7739ae95555f195",
                "sha256:be03a7483ad9ea60388f930160bb3728467dd0af538aa5edc60962ee700a0bdc",
                "sha256:c62d4791a8212c885b97a63ef5f3974b2cd41930f0cd224ada9c6ee6654f8150",
                "sha256:cb751ef712570d3bda9a73fd765ff3e1aba943ec5d52a54a0c2e89c7eef9da1e",
                "sha256:d3b19d8d183bcfd68b25beebab8dc3308282fe2ca3d6ea3cb4cd101b3c279f8d",
                "sha256:d3f90ee275b1d7c942e65b5c44c8fb52d55502a0b9a679837d71be2bd8927661",
                "sha256:d5f8c04574efa814a24510122810e3a3c77c0552f9f6ff65c9862f1f046be2c3",
                "sha256:d6a1a66bb8bac9bc2892c2674ea363486bfb748b86504966a390345a11b1680e",
                "sha256:d7715daf84f10bcebc083ad137e3eced3e1c8e7fa1f096ade9a8d02b08f0d91c",
                "sha256:dafc01a32b4a1d7d3ef8bfd3699406bb44f7b2e0d3eb8906d574846e1019b12f",
                "sha256:dcc4d5dd5fba3affaf4fd08f00ef156407573de8c63338787614ccc64f96b321",
                "sha256:de42f513ed7a997bc821bddab356b72e55e8396b1b7ba1bf39926d538a76a90f",
                "sha256:e27cde1e8d17b09730801ce97b6e0c444ba2a1f06348b169fd931b51d3402f0d",
                "sha256:ecb314e59bedb77188017f26e6b684b1f6d0465e724c3122a726359fa62ca1ba",
                "sha256:f348ebd20554e8bc26e8ef3ed8a134110c0f4bf015b3b4da6a4ddf34e0515b19",
                "sha256:fa818609357dde5c4a94a64c097c6404ad996b1d38ca977a72834b682830a722",
                "sha256:fe4a327da0c6b6e59f2e474ae79d6ee7745ac3279fd15f200044602fa31e3d79"
            ],
            "index": "pypi",
            "markers": "python_version >= '3.6'",
            "version": "==3.8.0"
        },
        "aiosignal": {
            "hashes": [
                "sha256:54cd96e15e1649b75d6c87526a6ff0b6c1b0dd3459f43d9ca11d48c339b68cfc",
                "sha256:f8376fb07dd1e86a584e4fcdec80b36b7f81aac666ebc724e2c090300dd83b17"
            ],
            "markers": "python_version >= '3.7'",
            "version": "==1.3.1"
        },
        "async-timeout": {
            "hashes": [
                "sha256:4640d96be84d82d02ed59ea2b7105a0f7b33abe8703703cd0ab0bf87c427522f",
                "sha256:7405140ff1230c310e51dc27b3145b9092d659ce68ff733fb0cefe3ee42be028"
            ],
            "markers": "python_version >= '3.7'",
            "version": "==4.0.3"
        },
        "attrs": {
            "hashes": [
                "sha256:935dc3b529c262f6cf76e50877d35a4bd3c1de194fd41f47a2b7ae8f19971f30",
                "sha256:99b87a485a5820b23b879f04c2305b44b951b502fd64be915879d77a7e8fc6f1"
            ],
            "markers": "python_version >= '3.7'",
            "version": "==23.2.0"
        },
        "backoff": {
            "hashes": [
                "sha256:61928f8fa48d52e4faa81875eecf308eccfb1016b018bb6bd21e05b5d90a96c5",
                "sha256:ccb962a2378418c667b3c979b504fdeb7d9e0d29c0579e3b13b86467177728cb"
            ],
            "index": "pypi",
            "markers": "python_version >= '2.7' and python_version not in '3.0, 3.1, 3.2, 3.3, 3.4'",
            "version": "==1.11.1"
        },
        "certifi": {
            "hashes": [
                "sha256:0569859f95fc761b18b45ef421b1290a0f65f147e92a1e5eb3e635f9a5e4e66f",
                "sha256:dc383c07b76109f368f6106eee2b593b04a011ea4d55f652c6ca24a754d1cdd1"
            ],
            "markers": "python_version >= '3.6'",
            "version": "==2024.2.2"
        },
        "charset-normalizer": {
            "hashes": [
                "sha256:2857e29ff0d34db842cd7ca3230549d1a697f96ee6d3fb071cfa6c7393832597",
                "sha256:6881edbebdb17b39b4eaaa821b438bf6eddffb4468cf344f09f89def34a8b1df"
            ],
            "markers": "python_full_version >= '3.5.0'",
            "version": "==2.0.12"
        },
        "dictdiffer": {
            "hashes": [
                "sha256:6de9370f3c0c7fb5cc8bdc9e10dbca6ff05c39d8e2e58a67eb98d32677a224ca",
                "sha256:e4f94167d037f70c11c6a8e7e289d81c8c7117bc02132cd82a0ab8fcba43cc08"
            ],
            "index": "pypi",
            "version": "==0.7.1"
        },
        "frozenlist": {
            "hashes": [
                "sha256:04ced3e6a46b4cfffe20f9ae482818e34eba9b5fb0ce4056e4cc9b6e212d09b7",
                "sha256:0633c8d5337cb5c77acbccc6357ac49a1770b8c487e5b3505c57b949b4b82e98",
                "sha256:068b63f23b17df8569b7fdca5517edef76171cf3897eb68beb01341131fbd2ad",
                "sha256:0c250a29735d4f15321007fb02865f0e6b6a41a6b88f1f523ca1596ab5f50bd5",
                "sha256:1979bc0aeb89b33b588c51c54ab0161791149f2461ea7c7c946d95d5f93b56ae",
                "sha256:1a4471094e146b6790f61b98616ab8e44f72661879cc63fa1049d13ef711e71e",
                "sha256:1b280e6507ea8a4fa0c0a7150b4e526a8d113989e28eaaef946cc77ffd7efc0a",
                "sha256:1d0ce09d36d53bbbe566fe296965b23b961764c0bcf3ce2fa45f463745c04701",
                "sha256:20b51fa3f588ff2fe658663db52a41a4f7aa6c04f6201449c6c7c476bd255c0d",
                "sha256:23b2d7679b73fe0e5a4560b672a39f98dfc6f60df63823b0a9970525325b95f6",
                "sha256:23b701e65c7b36e4bf15546a89279bd4d8675faabc287d06bbcfac7d3c33e1e6",
                "sha256:2471c201b70d58a0f0c1f91261542a03d9a5e088ed3dc6c160d614c01649c106",
                "sha256:27657df69e8801be6c3638054e202a135c7f299267f1a55ed3a598934f6c0d75",
                "sha256:29acab3f66f0f24674b7dc4736477bcd4bc3ad4b896f5f45379a67bce8b96868",
                "sha256:32453c1de775c889eb4e22f1197fe3bdfe457d16476ea407472b9442e6295f7a",
                "sha256:3a670dc61eb0d0eb7080890c13de3066790f9049b47b0de04007090807c776b0",
                "sha256:3e0153a805a98f5ada7e09826255ba99fb4f7524bb81bf6b47fb702666484ae1",
                "sha256:410478a0c562d1a5bcc2f7ea448359fcb050ed48b3c6f6f4f18c313a9bdb1826",
                "sha256:442acde1e068288a4ba7acfe05f5f343e19fac87bfc96d89eb886b0363e977ec",
                "sha256:48f6a4533887e189dae092f1cf981f2e3885175f7a0f33c91fb5b7b682b6bab6",
                "sha256:4f57dab5fe3407b6c0c1cc907ac98e8a189f9e418f3b6e54d65a718aaafe3950",
                "sha256:4f9c515e7914626b2a2e1e311794b4c35720a0be87af52b79ff8e1429fc25f19",
                "sha256:55fdc093b5a3cb41d420884cdaf37a1e74c3c37a31f46e66286d9145d2063bd0",
                "sha256:5667ed53d68d91920defdf4035d1cdaa3c3121dc0b113255124bcfada1cfa1b8",
                "sha256:590344787a90ae57d62511dd7c736ed56b428f04cd8c161fcc5e7232c130c69a",
                "sha256:5a7d70357e7cee13f470c7883a063aae5fe209a493c57d86eb7f5a6f910fae09",
                "sha256:5c3894db91f5a489fc8fa6a9991820f368f0b3cbdb9cd8849547ccfab3392d86",
                "sha256:5c849d495bf5154cd8da18a9eb15db127d4dba2968d88831aff6f0331ea9bd4c",
                "sha256:64536573d0a2cb6e625cf309984e2d873979709f2cf22839bf2d61790b448ad5",
                "sha256:693945278a31f2086d9bf3df0fe8254bbeaef1fe71e1351c3bd730aa7d31c41b",
                "sha256:6db4667b187a6742b33afbbaf05a7bc551ffcf1ced0000a571aedbb4aa42fc7b",
                "sha256:6eb73fa5426ea69ee0e012fb59cdc76a15b1283d6e32e4f8dc4482ec67d1194d",
                "sha256:722e1124aec435320ae01ee3ac7bec11a5d47f25d0ed6328f2273d287bc3abb0",
                "sha256:7268252af60904bf52c26173cbadc3a071cece75f873705419c8681f24d3edea",
                "sha256:74fb4bee6880b529a0c6560885fce4dc95936920f9f20f53d99a213f7bf66776",
                "sha256:780d3a35680ced9ce682fbcf4cb9c2bad3136eeff760ab33707b71db84664e3a",
                "sha256:82e8211d69a4f4bc360ea22cd6555f8e61a1bd211d1d5d39d3d228b48c83a897",
                "sha256:89aa2c2eeb20957be2d950b85974b30a01a762f3308cd02bb15e1ad632e22dc7",
                "sha256:8aefbba5f69d42246543407ed2461db31006b0f76c4e32dfd6f42215a2c41d09",
                "sha256:96ec70beabbd3b10e8bfe52616a13561e58fe84c0101dd031dc78f250d5128b9",
                "sha256:9750cc7fe1ae3b1611bb8cfc3f9ec11d532244235d75901fb6b8e42ce9229dfe",
                "sha256:9acbb16f06fe7f52f441bb6f413ebae6c37baa6ef9edd49cdd567216da8600cd",
                "sha256:9d3e0c25a2350080e9319724dede4f31f43a6c9779be48021a7f4ebde8b2d742",
                "sha256:a06339f38e9ed3a64e4c4e43aec7f59084033647f908e4259d279a52d3757d09",
                "sha256:a0cb6f11204443f27a1628b0e460f37fb30f624be6051d490fa7d7e26d4af3d0",
                "sha256:a7496bfe1da7fb1a4e1cc23bb67c58fab69311cc7d32b5a99c2007b4b2a0e932",
                "sha256:a828c57f00f729620a442881cc60e57cfcec6842ba38e1b19fd3e47ac0ff8dc1",
                "sha256:a9b2de4cf0cdd5bd2dee4c4f63a653c61d2408055ab77b151c1957f221cabf2a",
                "sha256:b46c8ae3a8f1f41a0d2ef350c0b6e65822d80772fe46b653ab6b6274f61d4a49",
                "sha256:b7e3ed87d4138356775346e6845cccbe66cd9e207f3cd11d2f0b9fd13681359d",
                "sha256:b7f2f9f912dca3934c1baec2e4585a674ef16fe00218d833856408c48d5beee7",
                "sha256:ba60bb19387e13597fb059f32cd4d59445d7b18b69a745b8f8e5db0346f33480",
                "sha256:beee944ae828747fd7cb216a70f120767fc9f4f00bacae8543c14a6831673f89",
                "sha256:bfa4a17e17ce9abf47a74ae02f32d014c5e9404b6d9ac7f729e01562bbee601e",
                "sha256:c037a86e8513059a2613aaba4d817bb90b9d9b6b69aace3ce9c877e8c8ed402b",
                "sha256:c302220494f5c1ebeb0912ea782bcd5e2f8308037b3c7553fad0e48ebad6ad82",
                "sha256:c6321c9efe29975232da3bd0af0ad216800a47e93d763ce64f291917a381b8eb",
                "sha256:c757a9dd70d72b076d6f68efdbb9bc943665ae954dad2801b874c8c69e185068",
                "sha256:c99169d4ff810155ca50b4da3b075cbde79752443117d89429595c2e8e37fed8",
                "sha256:c9c92be9fd329ac801cc420e08452b70e7aeab94ea4233a4804f0915c14eba9b",
                "sha256:cc7b01b3754ea68a62bd77ce6020afaffb44a590c2289089289363472d13aedb",
                "sha256:db9e724bebd621d9beca794f2a4ff1d26eed5965b004a97f1f1685a173b869c2",
                "sha256:dca69045298ce5c11fd539682cff879cc1e664c245d1c64da929813e54241d11",
                "sha256:dd9b1baec094d91bf36ec729445f7769d0d0cf6b64d04d86e45baf89e2b9059b",
                "sha256:e02a0e11cf6597299b9f3bbd3f93d79217cb90cfd1411aec33848b13f5c656cc",
                "sha256:e6a20a581f9ce92d389a8c7d7c3dd47c81fd5d6e655c8dddf341e14aa48659d0",
                "sha256:e7004be74cbb7d9f34553a5ce5fb08be14fb33bc86f332fb71cbe5216362a497",
                "sha256:e774d53b1a477a67838a904131c4b0eef6b3d8a651f8b138b04f748fccfefe17",
                "sha256:edb678da49d9f72c9f6c609fbe41a5dfb9a9282f9e6a2253d5a91e0fc382d7c0",
                "sha256:f146e0911cb2f1da549fc58fc7bcd2b836a44b79ef871980d605ec392ff6b0d2",
                "sha256:f56e2333dda1fe0f909e7cc59f021eba0d2307bc6f012a1ccf2beca6ba362439",
                "sha256:f9a3ea26252bd92f570600098783d1371354d89d5f6b7dfd87359d669f2109b5",
                "sha256:f9aa1878d1083b276b0196f2dfbe00c9b7e752475ed3b682025ff20c1c1f51ac",
                "sha256:fb3c2db03683b5767dedb5769b8a40ebb47d6f7f45b1b3e3b4b51ec8ad9d9825",
                "sha256:fbeb989b5cc29e8daf7f976b421c220f1b8c731cbf22b9130d8815418ea45887",
                "sha256:fde5bd59ab5357e3853313127f4d3565fc7dad314a74d7b5d43c22c6a5ed2ced",
                "sha256:fe1a06da377e3a1062ae5fe0926e12b84eceb8a50b350ddca72dc85015873f74"
            ],
            "markers": "python_version >= '3.8'",
            "version": "==1.4.1"
        },
        "idna": {
            "hashes": [
                "sha256:9ecdbbd083b06798ae1e86adcbfe8ab1479cf864e4ee30fe4e46a003d12491ca",
                "sha256:c05567e9c24a6b9faaa835c4821bad0590fbb9d5779e7caa6e1cc4978e7eb24f"
            ],
            "markers": "python_version >= '3'",
            "version": "==3.6"
        },
        "multidict": {
            "hashes": [
                "sha256:01265f5e40f5a17f8241d52656ed27192be03bfa8764d88e8220141d1e4b3556",
                "sha256:0275e35209c27a3f7951e1ce7aaf93ce0d163b28948444bec61dd7badc6d3f8c",
                "sha256:04bde7a7b3de05732a4eb39c94574db1ec99abb56162d6c520ad26f83267de29",
                "sha256:04da1bb8c8dbadf2a18a452639771951c662c5ad03aefe4884775454be322c9b",
                "sha256:09a892e4a9fb47331da06948690ae38eaa2426de97b4ccbfafbdcbe5c8f37ff8",
                "sha256:0d63c74e3d7ab26de115c49bffc92cc77ed23395303d496eae515d4204a625e7",
                "sha256:107c0cdefe028703fb5dafe640a409cb146d44a6ae201e55b35a4af8e95457dd",
                "sha256:141b43360bfd3bdd75f15ed811850763555a251e38b2405967f8e25fb43f7d40",
                "sha256:14c2976aa9038c2629efa2c148022ed5eb4cb939e15ec7aace7ca932f48f9ba6",
                "sha256:19fe01cea168585ba0f678cad6f58133db2aa14eccaf22f88e4a6dccadfad8b3",
                "sha256:1d147090048129ce3c453f0292e7697d333db95e52616b3793922945804a433c",
                "sha256:1d9ea7a7e779d7a3561aade7d596649fbecfa5c08a7674b11b423783217933f9",
                "sha256:215ed703caf15f578dca76ee6f6b21b7603791ae090fbf1ef9d865571039ade5",
                "sha256:21fd81c4ebdb4f214161be351eb5bcf385426bf023041da2fd9e60681f3cebae",
                "sha256:220dd781e3f7af2c2c1053da9fa96d9cf3072ca58f057f4c5adaaa1cab8fc442",
                "sha256:228b644ae063c10e7f324ab1ab6b548bdf6f8b47f3ec234fef1093bc2735e5f9",
                "sha256:29bfeb0dff5cb5fdab2023a7a9947b3b4af63e9c47cae2a10ad58394b517fddc",
                "sha256:2f4848aa3baa109e6ab81fe2006c77ed4d3cd1e0ac2c1fbddb7b1277c168788c",
                "sha256:2faa5ae9376faba05f630d7e5e6be05be22913782b927b19d12b8145968a85ea",
                "sha256:2ffc42c922dbfddb4a4c3b438eb056828719f07608af27d163191cb3e3aa6cc5",
                "sha256:37b15024f864916b4951adb95d3a80c9431299080341ab9544ed148091b53f50",
                "sha256:3cc2ad10255f903656017363cd59436f2111443a76f996584d1077e43ee51182",
                "sha256:3d25f19500588cbc47dc19081d78131c32637c25804df8414463ec908631e453",
                "sha256:403c0911cd5d5791605808b942c88a8155c2592e05332d2bf78f18697a5fa15e",
                "sha256:411bf8515f3be9813d06004cac41ccf7d1cd46dfe233705933dd163b60e37600",
                "sha256:425bf820055005bfc8aa9a0b99ccb52cc2f4070153e34b701acc98d201693733",
                "sha256:435a0984199d81ca178b9ae2c26ec3d49692d20ee29bc4c11a2a8d4514c67eda",
                "sha256:4a6a4f196f08c58c59e0b8ef8ec441d12aee4125a7d4f4fef000ccb22f8d7241",
                "sha256:4cc0ef8b962ac7a5e62b9e826bd0cd5040e7d401bc45a6835910ed699037a461",
                "sha256:51d035609b86722963404f711db441cf7134f1889107fb171a970c9701f92e1e",
                "sha256:53689bb4e102200a4fafa9de9c7c3c212ab40a7ab2c8e474491914d2305f187e",
                "sha256:55205d03e8a598cfc688c71ca8ea5f66447164efff8869517f175ea632c7cb7b",
                "sha256:5c0631926c4f58e9a5ccce555ad7747d9a9f8b10619621f22f9635f069f6233e",
                "sha256:5cb241881eefd96b46f89b1a056187ea8e9ba14ab88ba632e68d7a2ecb7aadf7",
                "sha256:60d698e8179a42ec85172d12f50b1668254628425a6bd611aba022257cac1386",
                "sha256:612d1156111ae11d14afaf3a0669ebf6c170dbb735e510a7438ffe2369a847fd",
                "sha256:6214c5a5571802c33f80e6c84713b2c79e024995b9c5897f794b43e714daeec9",
                "sha256:6939c95381e003f54cd4c5516740faba40cf5ad3eeff460c3ad1d3e0ea2549bf",
                "sha256:69db76c09796b313331bb7048229e3bee7928eb62bab5e071e9f7fcc4879caee",
                "sha256:6bf7a982604375a8d49b6cc1b781c1747f243d91b81035a9b43a2126c04766f5",
                "sha256:766c8f7511df26d9f11cd3a8be623e59cca73d44643abab3f8c8c07620524e4a",
                "sha256:76c0de87358b192de7ea9649beb392f107dcad9ad27276324c24c91774ca5271",
                "sha256:76f067f5121dcecf0d63a67f29080b26c43c71a98b10c701b0677e4a065fbd54",
                "sha256:7901c05ead4b3fb75113fb1dd33eb1253c6d3ee37ce93305acd9d38e0b5f21a4",
                "sha256:79660376075cfd4b2c80f295528aa6beb2058fd289f4c9252f986751a4cd0496",
                "sha256:79a6d2ba910adb2cbafc95dad936f8b9386e77c84c35bc0add315b856d7c3abb",
                "sha256:7afcdd1fc07befad18ec4523a782cde4e93e0a2bf71239894b8d61ee578c1319",
                "sha256:7be7047bd08accdb7487737631d25735c9a04327911de89ff1b26b81745bd4e3",
                "sha256:7c6390cf87ff6234643428991b7359b5f59cc15155695deb4eda5c777d2b880f",
                "sha256:7df704ca8cf4a073334e0427ae2345323613e4df18cc224f647f251e5e75a527",
                "sha256:85f67aed7bb647f93e7520633d8f51d3cbc6ab96957c71272b286b2f30dc70ed",
                "sha256:896ebdcf62683551312c30e20614305f53125750803b614e9e6ce74a96232604",
                "sha256:92d16a3e275e38293623ebf639c471d3e03bb20b8ebb845237e0d3664914caef",
                "sha256:99f60d34c048c5c2fabc766108c103612344c46e35d4ed9ae0673d33c8fb26e8",
                "sha256:9fe7b0653ba3d9d65cbe7698cca585bf0f8c83dbbcc710db9c90f478e175f2d5",
                "sha256:a3145cb08d8625b2d3fee1b2d596a8766352979c9bffe5d7833e0503d0f0b5e5",
                "sha256:aeaf541ddbad8311a87dd695ed9642401131ea39ad7bc8cf3ef3967fd093b626",
                "sha256:b55358304d7a73d7bdf5de62494aaf70bd33015831ffd98bc498b433dfe5b10c",
                "sha256:b82cc8ace10ab5bd93235dfaab2021c70637005e1ac787031f4d1da63d493c1d",
                "sha256:c0868d64af83169e4d4152ec612637a543f7a336e4a307b119e98042e852ad9c",
                "sha256:c1c1496e73051918fcd4f58ff2e0f2f3066d1c76a0c6aeffd9b45d53243702cc",
                "sha256:c9bf56195c6bbd293340ea82eafd0071cb3d450c703d2c93afb89f93b8386ccc",
                "sha256:cbebcd5bcaf1eaf302617c114aa67569dd3f090dd0ce8ba9e35e9985b41ac35b",
                "sha256:cd6c8fca38178e12c00418de737aef1261576bd1b6e8c6134d3e729a4e858b38",
                "sha256:ceb3b7e6a0135e092de86110c5a74e46bda4bd4fbfeeb3a3bcec79c0f861e450",
                "sha256:cf590b134eb70629e350691ecca88eac3e3b8b3c86992042fb82e3cb1830d5e1",
                "sha256:d3eb1ceec286eba8220c26f3b0096cf189aea7057b6e7b7a2e60ed36b373b77f",
                "sha256:d65f25da8e248202bd47445cec78e0025c0fe7582b23ec69c3b27a640dd7a8e3",
                "sha256:d6f6d4f185481c9669b9447bf9d9cf3b95a0e9df9d169bbc17e363b7d5487755",
                "sha256:d84a5c3a5f7ce6db1f999fb9438f686bc2e09d38143f2d93d8406ed2dd6b9226",
                "sha256:d946b0a9eb8aaa590df1fe082cee553ceab173e6cb5b03239716338629c50c7a",
                "sha256:dce1c6912ab9ff5f179eaf6efe7365c1f425ed690b03341911bf4939ef2f3046",
                "sha256:de170c7b4fe6859beb8926e84f7d7d6c693dfe8e27372ce3b76f01c46e489fcf",
                "sha256:e02021f87a5b6932fa6ce916ca004c4d441509d33bbdbeca70d05dff5e9d2479",
                "sha256:e030047e85cbcedbfc073f71836d62dd5dadfbe7531cae27789ff66bc551bd5e",
                "sha256:e0e79d91e71b9867c73323a3444724d496c037e578a0e1755ae159ba14f4f3d1",
                "sha256:e4428b29611e989719874670fd152b6625500ad6c686d464e99f5aaeeaca175a",
                "sha256:e4972624066095e52b569e02b5ca97dbd7a7ddd4294bf4e7247d52635630dd83",
                "sha256:e7be68734bd8c9a513f2b0cfd508802d6609da068f40dc57d4e3494cefc92929",
                "sha256:e8e94e6912639a02ce173341ff62cc1201232ab86b8a8fcc05572741a5dc7d93",
                "sha256:ea1456df2a27c73ce51120fa2f519f1bea2f4a03a917f4a43c8707cf4cbbae1a",
                "sha256:ebd8d160f91a764652d3e51ce0d2956b38efe37c9231cd82cfc0bed2e40b581c",
                "sha256:eca2e9d0cc5a889850e9bbd68e98314ada174ff6ccd1129500103df7a94a7a44",
                "sha256:edd08e6f2f1a390bf137080507e44ccc086353c8e98c657e666c017718561b89",
                "sha256:f285e862d2f153a70586579c15c44656f888806ed0e5b56b64489afe4a2dbfba",
                "sha256:f2a1dee728b52b33eebff5072817176c172050d44d67befd681609b4746e1c2e",
                "sha256:f7e301075edaf50500f0b341543c41194d8df3ae5caf4702f2095f3ca73dd8da",
                "sha256:fb616be3538599e797a2017cccca78e354c767165e8858ab5116813146041a24",
                "sha256:fce28b3c8a81b6b36dfac9feb1de115bab619b3c13905b419ec71d03a3fc1423",
                "sha256:fe5d7785250541f7f5019ab9cba2c71169dc7d74d0f45253f8313f436458a4ef"
            ],
            "markers": "python_version >= '3.7'",
            "version": "==6.0.5"
        },
        "requests": {
            "hashes": [
                "sha256:6c1246513ecd5ecd4528a0906f910e8f0f9c6b8ec72030dc9fd154dc1a6efd24",
                "sha256:b8aa58f8cf793ffd8782d3d8cb19e66ef36f7aba4353eec859e74678b01b07a7"
            ],
            "index": "pypi",
            "markers": "python_version >= '2.7' and python_version not in '3.0, 3.1, 3.2, 3.3, 3.4, 3.5'",
            "version": "==2.26.0"
        },
        "urllib3": {
            "hashes": [
                "sha256:34b97092d7e0a3a8cf7cd10e386f401b3737364026c45e622aa02903dffe0f07",
                "sha256:f8ecc1bba5667413457c529ab955bf8c67b45db799d159066261719e328580a0"
            ],
            "markers": "python_version >= '2.7' and python_version not in '3.0, 3.1, 3.2, 3.3, 3.4, 3.5'",
            "version": "==1.26.18"
        },
        "yarl": {
            "hashes": [
                "sha256:008d3e808d03ef28542372d01057fd09168419cdc8f848efe2804f894ae03e51",
                "sha256:03caa9507d3d3c83bca08650678e25364e1843b484f19986a527630ca376ecce",
                "sha256:07574b007ee20e5c375a8fe4a0789fad26db905f9813be0f9fef5a68080de559",
                "sha256:09efe4615ada057ba2d30df871d2f668af661e971dfeedf0c159927d48bbeff0",
                "sha256:0d2454f0aef65ea81037759be5ca9947539667eecebca092733b2eb43c965a81",
                "sha256:0e9d124c191d5b881060a9e5060627694c3bdd1fe24c5eecc8d5d7d0eb6faabc",
                "sha256:18580f672e44ce1238b82f7fb87d727c4a131f3a9d33a5e0e82b793362bf18b4",
                "sha256:1f23e4fe1e8794f74b6027d7cf19dc25f8b63af1483d91d595d4a07eca1fb26c",
                "sha256:206a55215e6d05dbc6c98ce598a59e6fbd0c493e2de4ea6cc2f4934d5a18d130",
                "sha256:23d32a2594cb5d565d358a92e151315d1b2268bc10f4610d098f96b147370136",
                "sha256:26a1dc6285e03f3cc9e839a2da83bcbf31dcb0d004c72d0730e755b33466c30e",
                "sha256:29e0f83f37610f173eb7e7b5562dd71467993495e568e708d99e9d1944f561ec",
                "sha256:2b134fd795e2322b7684155b7855cc99409d10b2e408056db2b93b51a52accc7",
                "sha256:2d47552b6e52c3319fede1b60b3de120fe83bde9b7bddad11a69fb0af7db32f1",
                "sha256:357495293086c5b6d34ca9616a43d329317feab7917518bc97a08f9e55648455",
                "sha256:35a2b9396879ce32754bd457d31a51ff0a9d426fd9e0e3c33394bf4b9036b099",
                "sha256:3777ce5536d17989c91696db1d459574e9a9bd37660ea7ee4d3344579bb6f129",
                "sha256:3986b6f41ad22988e53d5778f91855dc0399b043fc8946d4f2e68af22ee9ff10",
                "sha256:44d8ffbb9c06e5a7f529f38f53eda23e50d1ed33c6c869e01481d3fafa6b8142",
                "sha256:49a180c2e0743d5d6e0b4d1a9e5f633c62eca3f8a86ba5dd3c471060e352ca98",
                "sha256:4aa9741085f635934f3a2583e16fcf62ba835719a8b2b28fb2917bb0537c1dfa",
                "sha256:4b21516d181cd77ebd06ce160ef8cc2a5e9ad35fb1c5930882baff5ac865eee7",
                "sha256:4b3c1ffe10069f655ea2d731808e76e0f452fc6c749bea04781daf18e6039525",
                "sha256:4c7d56b293cc071e82532f70adcbd8b61909eec973ae9d2d1f9b233f3d943f2c",
                "sha256:4e9035df8d0880b2f1c7f5031f33f69e071dfe72ee9310cfc76f7b605958ceb9",
                "sha256:54525ae423d7b7a8ee81ba189f131054defdb122cde31ff17477951464c1691c",
                "sha256:549d19c84c55d11687ddbd47eeb348a89df9cb30e1993f1b128f4685cd0ebbf8",
                "sha256:54beabb809ffcacbd9d28ac57b0db46e42a6e341a030293fb3185c409e626b8b",
                "sha256:566db86717cf8080b99b58b083b773a908ae40f06681e87e589a976faf8246bf",
                "sha256:5a2e2433eb9344a163aced6a5f6c9222c0786e5a9e9cac2c89f0b28433f56e23",
                "sha256:5aef935237d60a51a62b86249839b51345f47564208c6ee615ed2a40878dccdd",
                "sha256:604f31d97fa493083ea21bd9b92c419012531c4e17ea6da0f65cacdcf5d0bd27",
                "sha256:63b20738b5aac74e239622d2fe30df4fca4942a86e31bf47a81a0e94c14df94f",
                "sha256:686a0c2f85f83463272ddffd4deb5e591c98aac1897d65e92319f729c320eece",
                "sha256:6a962e04b8f91f8c4e5917e518d17958e3bdee71fd1d8b88cdce74dd0ebbf434",
                "sha256:6ad6d10ed9b67a382b45f29ea028f92d25bc0bc1daf6c5b801b90b5aa70fb9ec",
                "sha256:6f5cb257bc2ec58f437da2b37a8cd48f666db96d47b8a3115c29f316313654ff",
                "sha256:6fe79f998a4052d79e1c30eeb7d6c1c1056ad33300f682465e1b4e9b5a188b78",
                "sha256:7855426dfbddac81896b6e533ebefc0af2f132d4a47340cee6d22cac7190022d",
                "sha256:7d5aaac37d19b2904bb9dfe12cdb08c8443e7ba7d2852894ad448d4b8f442863",
                "sha256:801e9264d19643548651b9db361ce3287176671fb0117f96b5ac0ee1c3530d53",
                "sha256:81eb57278deb6098a5b62e88ad8281b2ba09f2f1147c4767522353eaa6260b31",
                "sha256:824d6c50492add5da9374875ce72db7a0733b29c2394890aef23d533106e2b15",
                "sha256:8397a3817d7dcdd14bb266283cd1d6fc7264a48c186b986f32e86d86d35fbac5",
                "sha256:848cd2a1df56ddbffeb375535fb62c9d1645dde33ca4d51341378b3f5954429b",
                "sha256:84fc30f71689d7fc9168b92788abc977dc8cefa806909565fc2951d02f6b7d57",
                "sha256:8619d6915b3b0b34420cf9b2bb6d81ef59d984cb0fde7544e9ece32b4b3043c3",
                "sha256:8a854227cf581330ffa2c4824d96e52ee621dd571078a252c25e3a3b3d94a1b1",
                "sha256:8be9e837ea9113676e5754b43b940b50cce76d9ed7d2461df1af39a8ee674d9f",
                "sha256:928cecb0ef9d5a7946eb6ff58417ad2fe9375762382f1bf5c55e61645f2c43ad",
                "sha256:957b4774373cf6f709359e5c8c4a0af9f6d7875db657adb0feaf8d6cb3c3964c",
                "sha256:992f18e0ea248ee03b5a6e8b3b4738850ae7dbb172cc41c966462801cbf62cf7",
                "sha256:9fc5fc1eeb029757349ad26bbc5880557389a03fa6ada41703db5e068881e5f2",
                "sha256:a00862fb23195b6b8322f7d781b0dc1d82cb3bcac346d1e38689370cc1cc398b",
                "sha256:a3a6ed1d525bfb91b3fc9b690c5a21bb52de28c018530ad85093cc488bee2dd2",
                "sha256:a6327976c7c2f4ee6816eff196e25385ccc02cb81427952414a64811037bbc8b",
                "sha256:a7409f968456111140c1c95301cadf071bd30a81cbd7ab829169fb9e3d72eae9",
                "sha256:a825ec844298c791fd28ed14ed1bffc56a98d15b8c58a20e0e08c1f5f2bea1be",
                "sha256:a8c1df72eb746f4136fe9a2e72b0c9dc1da1cbd23b5372f94b5820ff8ae30e0e",
                "sha256:a9bd00dc3bc395a662900f33f74feb3e757429e545d831eef5bb280252631984",
                "sha256:aa102d6d280a5455ad6a0f9e6d769989638718e938a6a0a2ff3f4a7ff8c62cc4",
                "sha256:aaaea1e536f98754a6e5c56091baa1b6ce2f2700cc4a00b0d49eca8dea471074",
                "sha256:ad4d7a90a92e528aadf4965d685c17dacff3df282db1121136c382dc0b6014d2",
                "sha256:b8477c1ee4bd47c57d49621a062121c3023609f7a13b8a46953eb6c9716ca392",
                "sha256:ba6f52cbc7809cd8d74604cce9c14868306ae4aa0282016b641c661f981a6e91",
                "sha256:bac8d525a8dbc2a1507ec731d2867025d11ceadcb4dd421423a5d42c56818541",
                "sha256:bef596fdaa8f26e3d66af846bbe77057237cb6e8efff8cd7cc8dff9a62278bbf",
                "sha256:c0ec0ed476f77db9fb29bca17f0a8fcc7bc97ad4c6c1d8959c507decb22e8572",
                "sha256:c38c9ddb6103ceae4e4498f9c08fac9b590c5c71b0370f98714768e22ac6fa66",
                "sha256:c7224cab95645c7ab53791022ae77a4509472613e839dab722a72abe5a684575",
                "sha256:c74018551e31269d56fab81a728f683667e7c28c04e807ba08f8c9e3bba32f14",
                "sha256:ca06675212f94e7a610e85ca36948bb8fc023e458dd6c63ef71abfd482481aa5",
                "sha256:d1d2532b340b692880261c15aee4dc94dd22ca5d61b9db9a8a361953d36410b1",
                "sha256:d25039a474c4c72a5ad4b52495056f843a7ff07b632c1b92ea9043a3d9950f6e",
                "sha256:d5ff2c858f5f6a42c2a8e751100f237c5e869cbde669a724f2062d4c4ef93551",
                "sha256:d7d7f7de27b8944f1fee2c26a88b4dabc2409d2fea7a9ed3df79b67277644e17",
                "sha256:d7eeb6d22331e2fd42fce928a81c697c9ee2d51400bd1a28803965883e13cead",
                "sha256:d8a1c6c0be645c745a081c192e747c5de06e944a0d21245f4cf7c05e457c36e0",
                "sha256:d8b889777de69897406c9fb0b76cdf2fd0f31267861ae7501d93003d55f54fbe",
                "sha256:d9e09c9d74f4566e905a0b8fa668c58109f7624db96a2171f21747abc7524234",
                "sha256:db8e58b9d79200c76956cefd14d5c90af54416ff5353c5bfd7cbe58818e26ef0",
                "sha256:ddb2a5c08a4eaaba605340fdee8fc08e406c56617566d9643ad8bf6852778fc7",
                "sha256:e0381b4ce23ff92f8170080c97678040fc5b08da85e9e292292aba67fdac6c34",
                "sha256:e23a6d84d9d1738dbc6e38167776107e63307dfc8ad108e580548d1f2c587f42",
                "sha256:e516dc8baf7b380e6c1c26792610230f37147bb754d6426462ab115a02944385",
                "sha256:ea65804b5dc88dacd4a40279af0cdadcfe74b3e5b4c897aa0d81cf86927fee78",
                "sha256:ec61d826d80fc293ed46c9dd26995921e3a82146feacd952ef0757236fc137be",
                "sha256:ee04010f26d5102399bd17f8df8bc38dc7ccd7701dc77f4a68c5b8d733406958",
                "sha256:f3bc6af6e2b8f92eced34ef6a96ffb248e863af20ef4fde9448cc8c9b858b749",
                "sha256:f7d6b36dd2e029b6bcb8a13cf19664c7b8e19ab3a58e0fefbb5b8461447ed5ec"
            ],
            "markers": "python_version >= '3.7'",
            "version": "==1.9.4"
        }
    },
    "develop": {
        "ruff": {
            "hashes": [
                "sha256:0a9efb032855ffb3c21f6405751d5e147b0c6b631e3ca3f6b20f917572b97eb6",
                "sha256:0c126da55c38dd917621552ab430213bdb3273bb10ddb67bc4b761989210eb6e",
                "sha256:1695700d1e25a99d28f7a1636d85bafcc5030bba9d0578c0781ba1790dbcf51c",
                "sha256:1ec49be4fe6ddac0503833f3ed8930528e26d1e60ad35c2446da372d16651ce9",
                "sha256:3b65494f7e4bed2e74110dac1f0d17dc8e1f42faaa784e7c58a98e335ec83d7e",
                "sha256:5e1439c8f407e4f356470e54cdecdca1bd5439a0673792dbe34a2b0a551a2fe3",
                "sha256:5e22676a5b875bd72acd3d11d5fa9075d3a5f53b877fe7b4793e4673499318ba",
                "sha256:6a61ea0ff048e06de273b2e45bd72629f470f5da8f71daf09fe481278b175001",
                "sha256:940de32dc8853eba0f67f7198b3e79bc6ba95c2edbfdfac2144c8235114d6726",
                "sha256:b0c232af3d0bd8f521806223723456ffebf8e323bd1e4e82b0befb20ba18388e",
                "sha256:c9d15fc41e6054bfc7200478720570078f0b41c9ae4f010bcc16bd6f4d1aacdd",
                "sha256:cc9a91ae137d687f43a44c900e5d95e9617cb37d4c989e462980ba27039d239d",
                "sha256:d450b7fbff85913f866a5384d8912710936e2b96da74541c82c1b458472ddb39",
                "sha256:d920499b576f6c68295bc04e7b17b6544d9d05f196bb3aac4358792ef6f34325",
                "sha256:e62ed7f36b3068a30ba39193a14274cd706bc486fad521276458022f7bccb31d",
                "sha256:ecd46e3106850a5c26aee114e562c329f9a1fbe9e4821b008c4404f64ff9ce73",
                "sha256:f63d96494eeec2fc70d909393bcd76c69f35334cdbd9e20d089fb3f0640216ca"
            ],
            "index": "pypi",
            "markers": "python_version >= '3.7'",
            "version": "==0.2.2"
        }
    }
}
